# This file was autogenerated by Stack.
# You should not edit this file by hand.
# For more information, please see the documentation at:
#   https://docs.haskellstack.org/en/stable/topics/lock_files

packages:
- completed:
    name: fryxbots
    pantry-tree:
      sha256: 9f3eb0f15acac2f40cf949351f1a5e5421e0cd1be213fc8efb80d648feb2df7a
      size: 1636
    sha256: f9f7796dd852782f6a84f31c0df5191ae30173d67ca8d46ce8ead065b5e8a958
    size: 15180
    url: https://github.com/rcdickerson/fryxbots/archive/943da4cde220567faad51406d60f93af1c1f09e3.tar.gz
    version: 0.1.0.0
  original:
    url: https://github.com/rcdickerson/fryxbots/archive/943da4cde220567faad51406d60f93af1c1f09e3.tar.gz
snapshots:
- completed:
    sha256: 5524530ac8c0fd4c9d7488442ff14edb0fcbf4989b928b86398f94f367e01ee3
    size: 726110
    url: https://raw.githubusercontent.com/commercialhaskell/stackage-snapshots/master/lts/24/19.yaml
  original:
    url: https://raw.githubusercontent.com/commercialhaskell/stackage-snapshots/master/lts/24/19.yaml
