# This file was autogenerated by Stack.
# You should not edit this file by hand.
# For more information, please see the documentation at:
#   https://docs.haskellstack.org/en/stable/topics/lock_files

packages:
- completed:
    name: fryxbots
    pantry-tree:
      sha256: b1bd6b7c6211588d4025f1fba4ef3aad9a0aef71e8fdc7dbdaffd68639574049
      size: 1636
    sha256: 8672a4270fc2f449167bf288646860a3243bdc9be8320a655a074d62a9a700d5
    size: 14961
    url: https://github.com/rcdickerson/fryxbots/archive/1e80ad69fb269e8a88cfb8a02f9a00eab4fe72c0.tar.gz
    version: 0.1.0.0
  original:
    url: https://github.com/rcdickerson/fryxbots/archive/1e80ad69fb269e8a88cfb8a02f9a00eab4fe72c0.tar.gz
snapshots:
- completed:
    sha256: 5524530ac8c0fd4c9d7488442ff14edb0fcbf4989b928b86398f94f367e01ee3
    size: 726110
    url: https://raw.githubusercontent.com/commercialhaskell/stackage-snapshots/master/lts/24/19.yaml
  original:
    url: https://raw.githubusercontent.com/commercialhaskell/stackage-snapshots/master/lts/24/19.yaml
