# This file was autogenerated by Stack.
# You should not edit this file by hand.
# For more information, please see the documentation at:
#   https://docs.haskellstack.org/en/stable/topics/lock_files

packages:
- completed:
    name: fryxbots
    pantry-tree:
      sha256: c18f0eef94156c450c78c87488346c732145ded63c5007de1b73543330cc5b65
      size: 1636
    sha256: 599d5f2b2331a0f2665105c183389408be6bceea861135fd365a7392ca90fbe3
    size: 15587
    url: https://github.com/rcdickerson/fryxbots/archive/757a0218feda00d583c8f38a9f821842f7f73250.tar.gz
    version: 0.1.0.0
  original:
    url: https://github.com/rcdickerson/fryxbots/archive/757a0218feda00d583c8f38a9f821842f7f73250.tar.gz
snapshots:
- completed:
    sha256: 5524530ac8c0fd4c9d7488442ff14edb0fcbf4989b928b86398f94f367e01ee3
    size: 726110
    url: https://raw.githubusercontent.com/commercialhaskell/stackage-snapshots/master/lts/24/19.yaml
  original:
    url: https://raw.githubusercontent.com/commercialhaskell/stackage-snapshots/master/lts/24/19.yaml
